{
  "name": "t-shirt-recycling-design-tool",
  "version": "1.0.0",
  "lockfileVersion": 3,
  "requires": true,
  "packages": {
    "": {
      "name": "t-shirt-recycling-design-tool",
      "version": "1.0.0",
      "license": "ISC",
      "dependencies": {
        "packed-patterns-and-stock-html-element": "github:justingeeslin/packed-patterns-and-stock-html-element",
        "photo-uploader-to-contour-svg-html-element": "github:justingeeslin/photo-uploader-to-contour-svg-html-element"
      }
    },
    "node_modules/draggable-svg-html-element": {
      "version": "1.0.0",
      "resolved": "git+ssh://git@github.com/justingeeslin/draggable-svg-html-element.git#0f7b31a343d5e5506c0997c52f58c3e867fb1d66",
      "license": "ISC"
    },
    "node_modules/packed-patterns-and-stock-html-element": {
      "version": "1.0.0",
      "resolved": "git+ssh://git@github.com/justingeeslin/packed-patterns-and-stock-html-element.git#ec5b6ea080a021d6367845c82ee3d941b26e6b50",
      "license": "ISC",
      "dependencies": {
        "draggable-svg-html-element": "github:justingeeslin/draggable-svg-html-element"
      }
    },
    "node_modules/photo-uploader-to-contour-svg-html-element": {
      "version": "1.0.0",
      "resolved": "git+ssh://git@github.com/justingeeslin/photo-uploader-to-contour-svg-html-element.git#ac589c9d5f09aa33254621b0d6869a4958549d2b",
      "license": "ISC"
    }
  }
}
