{
  "name": "t-shirt-recycling-design-tool",
  "version": "1.0.0",
  "lockfileVersion": 3,
  "requires": true,
  "packages": {
    "": {
      "name": "t-shirt-recycling-design-tool",
      "version": "1.0.0",
      "license": "ISC",
      "dependencies": {
        "packed-patterns-and-stock-html-element": "github:justingeeslin/packed-patterns-and-stock-html-element#develop",
        "photo-uploader-to-contour-svg-html-element": "github:justingeeslin/photo-uploader-to-contour-svg-html-element"
      },
      "devDependencies": {
        "@playwright/test": "^1.62.1"
      }
    },
    "node_modules/@playwright/test": {
      "version": "1.62.1",
      "resolved": "https://registry.npmjs.org/@playwright/test/-/test-1.62.1.tgz",
      "integrity": "sha512-DTcUc8qii+cpHvtOwggMtBRMjKZHXYWdw8syRYu2vtzuq4Wxphqq4NfCs5Zt44L6mA8rfDfj+PHnxFc/FeK6mQ==",
      "dev": true,
      "license": "Apache-2.0",
      "dependencies": {
        "playwright": "1.62.1"
      },
      "bin": {
        "playwright": "cli.js"
      },
      "engines": {
        "node": ">=20"
      }
    },
    "node_modules/draggable-svg-html-element": {
      "version": "1.0.0",
      "resolved": "git+ssh://git@github.com/justingeeslin/draggable-svg-html-element.git#0f7b31a343d5e5506c0997c52f58c3e867fb1d66",
      "license": "ISC"
    },
    "node_modules/fsevents": {
      "version": "2.3.2",
      "resolved": "https://registry.npmjs.org/fsevents/-/fsevents-2.3.2.tgz",
      "integrity": "sha512-xiqMQR4xAeHTuB9uWm+fFRcIOgKBMiOBP+eXiyT7jsgVCq1bkVygt00oASowB7EdtpOHaaPgKt812P9ab+DDKA==",
      "dev": true,
      "hasInstallScript": true,
      "license": "MIT",
      "optional": true,
      "os": [
        "darwin"
      ],
      "engines": {
        "node": "^8.16.0 || ^10.6.0 || >=11.0.0"
      }
    },
    "node_modules/packed-patterns-and-stock-html-element": {
      "version": "1.0.0",
      "resolved": "git+ssh://git@github.com/justingeeslin/packed-patterns-and-stock-html-element.git#1d30ae9d70c1cf445bc042297f17b134ac80b9eb",
      "license": "ISC",
      "dependencies": {
        "draggable-svg-html-element": "github:justingeeslin/draggable-svg-html-element"
      }
    },
    "node_modules/photo-uploader-to-contour-svg-html-element": {
      "version": "1.0.0",
      "resolved": "git+ssh://git@github.com/justingeeslin/photo-uploader-to-contour-svg-html-element.git#a1ad6086541476ebe45b4bbc554f69c4b157ec56",
      "license": "ISC"
    },
    "node_modules/playwright": {
      "version": "1.62.1",
      "resolved": "https://registry.npmjs.org/playwright/-/playwright-1.62.1.tgz",
      "integrity": "sha512-0M+L3LAD8/nm554LOla9Ayx0j0tmFZ0FBcoQ7F1VuVHpM/XpiC8RcDzBQB8W5+hA8L22THxELzeF+2WcUzvcLg==",
      "dev": true,
      "license": "Apache-2.0",
      "dependencies": {
        "playwright-core": "1.62.1"
      },
      "bin": {
        "playwright": "cli.js"
      },
      "engines": {
        "node": ">=20"
      },
      "optionalDependencies": {
        "fsevents": "2.3.2"
      }
    },
    "node_modules/playwright-core": {
      "version": "1.62.1",
      "resolved": "https://registry.npmjs.org/playwright-core/-/playwright-core-1.62.1.tgz",
      "integrity": "sha512-wPYSwEBJY9GHraISXqyqtx0na0LpO3XEX7jNDhntbex7tzUS7kLnZsOlFruFJB4Hi/rhDMjXGqHewDZ68nYZVw==",
      "dev": true,
      "license": "Apache-2.0",
      "bin": {
        "playwright-core": "cli.js"
      },
      "engines": {
        "node": ">=20"
      }
    }
  }
}
