{
  "name": "t-shirt-recycling-design-tool",
  "version": "1.0.0",
  "lockfileVersion": 3,
  "requires": true,
  "packages": {
    "": {
      "name": "t-shirt-recycling-design-tool",
      "version": "1.0.0",
      "license": "ISC",
      "dependencies": {
        "packed-patterns-and-stock-html-element": "github:justingeeslin/packed-patterns-and-stock-html-element",
        "photo-uploader-to-contour-svg-html-element": "github:justingeeslin/photo-uploader-to-contour-svg-html-element"
      }
    },
    "node_modules/draggable-svg-html-element": {
      "version": "1.0.0",
      "resolved": "git+ssh://git@github.com/justingeeslin/draggable-svg-html-element.git#40724882354859f396e94b451336904f1d6ecc67",
      "license": "ISC"
    },
    "node_modules/packed-patterns-and-stock-html-element": {
      "version": "1.0.0",
      "resolved": "git+ssh://git@github.com/justingeeslin/packed-patterns-and-stock-html-element.git#d018d3f8e8c1776214815bda0bef043d89f0ffd3",
      "license": "ISC",
      "dependencies": {
        "draggable-svg-html-element": "github:justingeeslin/draggable-svg-html-element"
      }
    },
    "node_modules/photo-uploader-to-contour-svg-html-element": {
      "version": "1.0.0",
      "resolved": "git+ssh://git@github.com/justingeeslin/photo-uploader-to-contour-svg-html-element.git#ac22c2e025f233c0e65c86d174b3131085bf6600",
      "license": "ISC"
    }
  }
}
